// !$*UTF8*$!
{
	archiveVersion = 1;
	classes = {
	};
	objectVersion = 46;
	objects = {

/* Begin PBXBuildFile section */
		0202997B1B2DF65700ABE7DB /* main.m in Sources */ = {isa = PBXBuildFile; fileRef = 0202997A1B2DF65700ABE7DB /* main.m */; };
		02876AA51B2D757D002F53F4 /* Assets in Resources */ = {isa = PBXBuildFile; fileRef = 02876AA41B2D757D002F53F4 /* Assets */; };
		02876B311B2D938C002F53F4 /* AppDelegate.m in Sources */ = {isa = PBXBuildFile; fileRef = 02876B271B2D938C002F53F4 /* AppDelegate.m */; };
		02876B321B2D938C002F53F4 /* LiquorDetailViewController.m in Sources */ = {isa = PBXBuildFile; fileRef = 02876B291B2D938C002F53F4 /* LiquorDetailViewController.m */; };
		02876B331B2D938C002F53F4 /* LiquorDetailViewController.xib in Resources */ = {isa = PBXBuildFile; fileRef = 02876B2A1B2D938C002F53F4 /* LiquorDetailViewController.xib */; };
		02876B341B2D938C002F53F4 /* LiquorListViewController.m in Sources */ = {isa = PBXBuildFile; fileRef = 02876B2C1B2D938C002F53F4 /* LiquorListViewController.m */; };
		02876B351B2D938C002F53F4 /* LiquorListViewController.xib in Resources */ = {isa = PBXBuildFile; fileRef = 02876B2D1B2D938C002F53F4 /* LiquorListViewController.xib */; };
		02876B361B2D938C002F53F4 /* ViewController.m in Sources */ = {isa = PBXBuildFile; fileRef = 02876B2F1B2D938C002F53F4 /* ViewController.m */; };
		02876B371B2D938C002F53F4 /* ViewController.xib in Resources */ = {isa = PBXBuildFile; fileRef = 02876B301B2D938C002F53F4 /* ViewController.xib */; };
		02876B6D1B2D9871002F53F4 /* LaunchScreen.xib in Resources */ = {isa = PBXBuildFile; fileRef = 02876B391B2D9871002F53F4 /* LaunchScreen.xib */; };
		02876B6E1B2D9871002F53F4 /* Main.storyboard in Resources */ = {isa = PBXBuildFile; fileRef = 02876B3B1B2D9871002F53F4 /* Main.storyboard */; };
		02876B701B2D9871002F53F4 /* Info.plist in Resources */ = {isa = PBXBuildFile; fileRef = 02876B3E1B2D9871002F53F4 /* Info.plist */; };
		02876B711B2D9871002F53F4 /* CredentialManager.m in Sources */ = {isa = PBXBuildFile; fileRef = 02876B441B2D9871002F53F4 /* CredentialManager.m */; };
		02876B721B2D9871002F53F4 /* DatabaseUtil.m in Sources */ = {isa = PBXBuildFile; fileRef = 02876B471B2D9871002F53F4 /* DatabaseUtil.m */; };
		02876B731B2D9871002F53F4 /* DatabaseEventHandler.m in Sources */ = {isa = PBXBuildFile; fileRef = 02876B4A1B2D9871002F53F4 /* DatabaseEventHandler.m */; };
		02876B741B2D9871002F53F4 /* NotificationEventHandler.m in Sources */ = {isa = PBXBuildFile; fileRef = 02876B4C1B2D9871002F53F4 /* NotificationEventHandler.m */; };
		02876B751B2D9871002F53F4 /* SiminovEventHandler.m in Sources */ = {isa = PBXBuildFile; fileRef = 02876B4E1B2D9871002F53F4 /* SiminovEventHandler.m */; };
		02876B761B2D9871002F53F4 /* Credential.m in Sources */ = {isa = PBXBuildFile; fileRef = 02876B511B2D9871002F53F4 /* Credential.m */; };
		02876B771B2D9871002F53F4 /* Gadget.m in Sources */ = {isa = PBXBuildFile; fileRef = 02876B531B2D9871002F53F4 /* Gadget.m */; };
		02876B781B2D9871002F53F4 /* Liquor.m in Sources */ = {isa = PBXBuildFile; fileRef = 02876B551B2D9871002F53F4 /* Liquor.m */; };
		02876B791B2D9871002F53F4 /* LiquorBrand.m in Sources */ = {isa = PBXBuildFile; fileRef = 02876B571B2D9871002F53F4 /* LiquorBrand.m */; };
		02876B7A1B2D9871002F53F4 /* LiquorBrandsReader.m in Sources */ = {isa = PBXBuildFile; fileRef = 02876B5A1B2D9871002F53F4 /* LiquorBrandsReader.m */; };
		02876B7B1B2D9871002F53F4 /* LiquorsReader.m in Sources */ = {isa = PBXBuildFile; fileRef = 02876B5C1B2D9871002F53F4 /* LiquorsReader.m */; };
		02876B7C1B2D9871002F53F4 /* AddLiquor.m in Sources */ = {isa = PBXBuildFile; fileRef = 02876B5F1B2D9871002F53F4 /* AddLiquor.m */; };
		02876B7D1B2D9871002F53F4 /* DeleteLiquor.m in Sources */ = {isa = PBXBuildFile; fileRef = 02876B611B2D9871002F53F4 /* DeleteLiquor.m */; };
		02876B7E1B2D9871002F53F4 /* GetLiquorBrands.m in Sources */ = {isa = PBXBuildFile; fileRef = 02876B631B2D9871002F53F4 /* GetLiquorBrands.m */; };
		02876B7F1B2D9871002F53F4 /* GetLiquors.m in Sources */ = {isa = PBXBuildFile; fileRef = 02876B651B2D9871002F53F4 /* GetLiquors.m */; };
		02876B801B2D9871002F53F4 /* RegisterDevice.m in Sources */ = {isa = PBXBuildFile; fileRef = 02876B671B2D9871002F53F4 /* RegisterDevice.m */; };
		02876B811B2D9871002F53F4 /* UnregisterDevice.m in Sources */ = {isa = PBXBuildFile; fileRef = 02876B691B2D9871002F53F4 /* UnregisterDevice.m */; };
		02876B821B2D9871002F53F4 /* LiquorWritter.m in Sources */ = {isa = PBXBuildFile; fileRef = 02876B6C1B2D9871002F53F4 /* LiquorWritter.m */; };
		02876B841B2D9E59002F53F4 /* Images.xcassets in Resources */ = {isa = PBXBuildFile; fileRef = 02876B831B2D9E59002F53F4 /* Images.xcassets */; };
		02876B861B2D9EE8002F53F4 /* libsqlite3.0.dylib in Frameworks */ = {isa = PBXBuildFile; fileRef = 02876B851B2D9EE8002F53F4 /* libsqlite3.0.dylib */; };
/* End PBXBuildFile section */

/* Begin PBXCopyFilesBuildPhase section */
		CEBBFFF01B776E0700F0B830 /* CopyFiles */ = {
			isa = PBXCopyFilesBuildPhase;
			buildActionMask = 2147483647;
			dstPath = "";
			dstSubfolderSpec = 7;
			files = (
			);
			runOnlyForDeploymentPostprocessing = 0;
		};
/* End PBXCopyFilesBuildPhase section */

/* Begin PBXFileReference section */
		0202997A1B2DF65700ABE7DB /* main.m */ = {isa = PBXFileReference; fileEncoding = 4; lastKnownFileType = sourcecode.c.objc; path = main.m; sourceTree = "<group>"; };
		02876AA41B2D757D002F53F4 /* Assets */ = {isa = PBXFileReference; lastKnownFileType = folder; path = Assets; sourceTree = "<group>"; };
		02876B261B2D938C002F53F4 /* AppDelegate.h */ = {isa = PBXFileReference; fileEncoding = 4; lastKnownFileType = sourcecode.c.h; path = AppDelegate.h; sourceTree = "<group>"; };
		02876B271B2D938C002F53F4 /* AppDelegate.m */ = {isa = PBXFileReference; fileEncoding = 4; lastKnownFileType = sourcecode.c.objc; path = AppDelegate.m; sourceTree = "<group>"; };
		02876B281B2D938C002F53F4 /* LiquorDetailViewController.h */ = {isa = PBXFileReference; fileEncoding = 4; lastKnownFileType = sourcecode.c.h; path = LiquorDetailViewController.h; sourceTree = "<group>"; };
		02876B291B2D938C002F53F4 /* LiquorDetailViewController.m */ = {isa = PBXFileReference; fileEncoding = 4; lastKnownFileType = sourcecode.c.objc; path = LiquorDetailViewController.m; sourceTree = "<group>"; };
		02876B2A1B2D938C002F53F4 /* LiquorDetailViewController.xib */ = {isa = PBXFileReference; fileEncoding = 4; lastKnownFileType = file.xib; path = LiquorDetailViewController.xib; sourceTree = "<group>"; };
		02876B2B1B2D938C002F53F4 /* LiquorListViewController.h */ = {isa = PBXFileReference; fileEncoding = 4; lastKnownFileType = sourcecode.c.h; path = LiquorListViewController.h; sourceTree = "<group>"; };
		02876B2C1B2D938C002F53F4 /* LiquorListViewController.m */ = {isa = PBXFileReference; fileEncoding = 4; lastKnownFileType = sourcecode.c.objc; path = LiquorListViewController.m; sourceTree = "<group>"; };
		02876B2D1B2D938C002F53F4 /* LiquorListViewController.xib */ = {isa = PBXFileReference; fileEncoding = 4; lastKnownFileType = file.xib; path = LiquorListViewController.xib; sourceTree = "<group>"; };
		02876B2E1B2D938C002F53F4 /* ViewController.h */ = {isa = PBXFileReference; fileEncoding = 4; lastKnownFileType = sourcecode.c.h; path = ViewController.h; sourceTree = "<group>"; };
		02876B2F1B2D938C002F53F4 /* ViewController.m */ = {isa = PBXFileReference; fileEncoding = 4; lastKnownFileType = sourcecode.c.objc; path = ViewController.m; sourceTree = "<group>"; };
		02876B301B2D938C002F53F4 /* ViewController.xib */ = {isa = PBXFileReference; fileEncoding = 4; lastKnownFileType = file.xib; path = ViewController.xib; sourceTree = "<group>"; };
		02876B3A1B2D9871002F53F4 /* Base */ = {isa = PBXFileReference; lastKnownFileType = file.xib; name = Base; path = LaunchScreen.xib; sourceTree = "<group>"; };
		02876B3C1B2D9871002F53F4 /* Base */ = {isa = PBXFileReference; lastKnownFileType = file.storyboard; name = Base; path = Main.storyboard; sourceTree = "<group>"; };
		02876B3E1B2D9871002F53F4 /* Info.plist */ = {isa = PBXFileReference; fileEncoding = 4; lastKnownFileType = text.plist.xml; path = Info.plist; sourceTree = "<group>"; };
		02876B421B2D9871002F53F4 /* Constants.h */ = {isa = PBXFileReference; fileEncoding = 4; lastKnownFileType = sourcecode.c.h; path = Constants.h; sourceTree = "<group>"; };
		02876B431B2D9871002F53F4 /* CredentialManager.h */ = {isa = PBXFileReference; fileEncoding = 4; lastKnownFileType = sourcecode.c.h; path = CredentialManager.h; sourceTree = "<group>"; };
		02876B441B2D9871002F53F4 /* CredentialManager.m */ = {isa = PBXFileReference; fileEncoding = 4; lastKnownFileType = sourcecode.c.objc; path = CredentialManager.m; sourceTree = "<group>"; };
		02876B461B2D9871002F53F4 /* DatabaseUtil.h */ = {isa = PBXFileReference; fileEncoding = 4; lastKnownFileType = sourcecode.c.h; path = DatabaseUtil.h; sourceTree = "<group>"; };
		02876B471B2D9871002F53F4 /* DatabaseUtil.m */ = {isa = PBXFileReference; fileEncoding = 4; lastKnownFileType = sourcecode.c.objc; path = DatabaseUtil.m; sourceTree = "<group>"; };
		02876B491B2D9871002F53F4 /* DatabaseEventHandler.h */ = {isa = PBXFileReference; fileEncoding = 4; lastKnownFileType = sourcecode.c.h; path = DatabaseEventHandler.h; sourceTree = "<group>"; };
		02876B4A1B2D9871002F53F4 /* DatabaseEventHandler.m */ = {isa = PBXFileReference; fileEncoding = 4; lastKnownFileType = sourcecode.c.objc; path = DatabaseEventHandler.m; sourceTree = "<group>"; };
		02876B4B1B2D9871002F53F4 /* NotificationEventHandler.h */ = {isa = PBXFileReference; fileEncoding = 4; lastKnownFileType = sourcecode.c.h; path = NotificationEventHandler.h; sourceTree = "<group>"; };
		02876B4C1B2D9871002F53F4 /* NotificationEventHandler.m */ = {isa = PBXFileReference; fileEncoding = 4; lastKnownFileType = sourcecode.c.objc; path = NotificationEventHandler.m; sourceTree = "<group>"; };
		02876B4D1B2D9871002F53F4 /* SiminovEventHandler.h */ = {isa = PBXFileReference; fileEncoding = 4; lastKnownFileType = sourcecode.c.h; path = SiminovEventHandler.h; sourceTree = "<group>"; };
		02876B4E1B2D9871002F53F4 /* SiminovEventHandler.m */ = {isa = PBXFileReference; fileEncoding = 4; lastKnownFileType = sourcecode.c.objc; path = SiminovEventHandler.m; sourceTree = "<group>"; };
		02876B501B2D9871002F53F4 /* Credential.h */ = {isa = PBXFileReference; fileEncoding = 4; lastKnownFileType = sourcecode.c.h; path = Credential.h; sourceTree = "<group>"; };
		02876B511B2D9871002F53F4 /* Credential.m */ = {isa = PBXFileReference; fileEncoding = 4; lastKnownFileType = sourcecode.c.objc; path = Credential.m; sourceTree = "<group>"; };
		02876B521B2D9871002F53F4 /* Gadget.h */ = {isa = PBXFileReference; fileEncoding = 4; lastKnownFileType = sourcecode.c.h; path = Gadget.h; sourceTree = "<group>"; };
		02876B531B2D9871002F53F4 /* Gadget.m */ = {isa = PBXFileReference; fileEncoding = 4; lastKnownFileType = sourcecode.c.objc; path = Gadget.m; sourceTree = "<group>"; };
		02876B541B2D9871002F53F4 /* Liquor.h */ = {isa = PBXFileReference; fileEncoding = 4; lastKnownFileType = sourcecode.c.h; path = Liquor.h; sourceTree = "<group>"; };
		02876B551B2D9871002F53F4 /* Liquor.m */ = {isa = PBXFileReference; fileEncoding = 4; lastKnownFileType = sourcecode.c.objc; path = Liquor.m; sourceTree = "<group>"; };
		02876B561B2D9871002F53F4 /* LiquorBrand.h */ = {isa = PBXFileReference; fileEncoding = 4; lastKnownFileType = sourcecode.c.h; path = LiquorBrand.h; sourceTree = "<group>"; };
		02876B571B2D9871002F53F4 /* LiquorBrand.m */ = {isa = PBXFileReference; fileEncoding = 4; lastKnownFileType = sourcecode.c.objc; path = LiquorBrand.m; sourceTree = "<group>"; };
		02876B591B2D9871002F53F4 /* LiquorBrandsReader.h */ = {isa = PBXFileReference; fileEncoding = 4; lastKnownFileType = sourcecode.c.h; path = LiquorBrandsReader.h; sourceTree = "<group>"; };
		02876B5A1B2D9871002F53F4 /* LiquorBrandsReader.m */ = {isa = PBXFileReference; fileEncoding = 4; lastKnownFileType = sourcecode.c.objc; path = LiquorBrandsReader.m; sourceTree = "<group>"; };
		02876B5B1B2D9871002F53F4 /* LiquorsReader.h */ = {isa = PBXFileReference; fileEncoding = 4; lastKnownFileType = sourcecode.c.h; path = LiquorsReader.h; sourceTree = "<group>"; };
		02876B5C1B2D9871002F53F4 /* LiquorsReader.m */ = {isa = PBXFileReference; fileEncoding = 4; lastKnownFileType = sourcecode.c.objc; path = LiquorsReader.m; sourceTree = "<group>"; };
		02876B5E1B2D9871002F53F4 /* AddLiquor.h */ = {isa = PBXFileReference; fileEncoding = 4; lastKnownFileType = sourcecode.c.h; path = AddLiquor.h; sourceTree = "<group>"; };
		02876B5F1B2D9871002F53F4 /* AddLiquor.m */ = {isa = PBXFileReference; fileEncoding = 4; lastKnownFileType = sourcecode.c.objc; path = AddLiquor.m; sourceTree = "<group>"; };
		02876B601B2D9871002F53F4 /* DeleteLiquor.h */ = {isa = PBXFileReference; fileEncoding = 4; lastKnownFileType = sourcecode.c.h; path = DeleteLiquor.h; sourceTree = "<group>"; };
		02876B611B2D9871002F53F4 /* DeleteLiquor.m */ = {isa = PBXFileReference; fileEncoding = 4; lastKnownFileType = sourcecode.c.objc; path = DeleteLiquor.m; sourceTree = "<group>"; };
		02876B621B2D9871002F53F4 /* GetLiquorBrands.h */ = {isa = PBXFileReference; fileEncoding = 4; lastKnownFileType = sourcecode.c.h; path = GetLiquorBrands.h; sourceTree = "<group>"; };
		02876B631B2D9871002F53F4 /* GetLiquorBrands.m */ = {isa = PBXFileReference; fileEncoding = 4; lastKnownFileType = sourcecode.c.objc; path = GetLiquorBrands.m; sourceTree = "<group>"; };
		02876B641B2D9871002F53F4 /* GetLiquors.h */ = {isa = PBXFileReference; fileEncoding = 4; lastKnownFileType = sourcecode.c.h; path = GetLiquors.h; sourceTree = "<group>"; };
		02876B651B2D9871002F53F4 /* GetLiquors.m */ = {isa = PBXFileReference; fileEncoding = 4; lastKnownFileType = sourcecode.c.objc; path = GetLiquors.m; sourceTree = "<group>"; };
		02876B661B2D9871002F53F4 /* RegisterDevice.h */ = {isa = PBXFileReference; fileEncoding = 4; lastKnownFileType = sourcecode.c.h; path = RegisterDevice.h; sourceTree = "<group>"; };
		02876B671B2D9871002F53F4 /* RegisterDevice.m */ = {isa = PBXFileReference; fileEncoding = 4; lastKnownFileType = sourcecode.c.objc; path = RegisterDevice.m; sourceTree = "<group>"; };
		02876B681B2D9871002F53F4 /* UnregisterDevice.h */ = {isa = PBXFileReference; fileEncoding = 4; lastKnownFileType = sourcecode.c.h; path = UnregisterDevice.h; sourceTree = "<group>"; };
		02876B691B2D9871002F53F4 /* UnregisterDevice.m */ = {isa = PBXFileReference; fileEncoding = 4; lastKnownFileType = sourcecode.c.objc; path = UnregisterDevice.m; sourceTree = "<group>"; };
		02876B6B1B2D9871002F53F4 /* LiquorWritter.h */ = {isa = PBXFileReference; fileEncoding = 4; lastKnownFileType = sourcecode.c.h; path = LiquorWritter.h; sourceTree = "<group>"; };
		02876B6C1B2D9871002F53F4 /* LiquorWritter.m */ = {isa = PBXFileReference; fileEncoding = 4; lastKnownFileType = sourcecode.c.objc; path = LiquorWritter.m; sourceTree = "<group>"; };
		02876B831B2D9E59002F53F4 /* Images.xcassets */ = {isa = PBXFileReference; lastKnownFileType = folder.assetcatalog; path = Images.xcassets; sourceTree = "<group>"; };
		02876B851B2D9EE8002F53F4 /* libsqlite3.0.dylib */ = {isa = PBXFileReference; lastKnownFileType = "compiled.mach-o.dylib"; name = libsqlite3.0.dylib; path = usr/lib/libsqlite3.0.dylib; sourceTree = SDKROOT; };
		CEF7EA821AE27EF000A0D360 /* connect-sample.app */ = {isa = PBXFileReference; explicitFileType = wrapper.application; includeInIndex = 0; path = "connect-sample.app"; sourceTree = BUILT_PRODUCTS_DIR; };
/* End PBXFileReference section */

/* Begin PBXFrameworksBuildPhase section */
		CEF7EA7F1AE27EF000A0D360 /* Frameworks */ = {
			isa = PBXFrameworksBuildPhase;
			buildActionMask = 2147483647;
			files = (
				02876B861B2D9EE8002F53F4 /* libsqlite3.0.dylib in Frameworks */,
			);
			runOnlyForDeploymentPostprocessing = 0;
		};
/* End PBXFrameworksBuildPhase section */

/* Begin PBXGroup section */
		02876B381B2D9871002F53F4 /* Base.lproj */ = {
			isa = PBXGroup;
			children = (
				02876B391B2D9871002F53F4 /* LaunchScreen.xib */,
				02876B3B1B2D9871002F53F4 /* Main.storyboard */,
			);
			path = Base.lproj;
			sourceTree = "<group>";
		};
		02876B3F1B2D9871002F53F4 /* Siminov */ = {
			isa = PBXGroup;
			children = (
				02876B401B2D9871002F53F4 /* Connect */,
			);
			path = Siminov;
			sourceTree = "<group>";
		};
		02876B401B2D9871002F53F4 /* Connect */ = {
			isa = PBXGroup;
			children = (
				02876B411B2D9871002F53F4 /* Sample */,
			);
			path = Connect;
			sourceTree = "<group>";
		};
		02876B411B2D9871002F53F4 /* Sample */ = {
			isa = PBXGroup;
			children = (
				02876B421B2D9871002F53F4 /* Constants.h */,
				02876B431B2D9871002F53F4 /* CredentialManager.h */,
				02876B441B2D9871002F53F4 /* CredentialManager.m */,
				02876B451B2D9871002F53F4 /* Database */,
				02876B481B2D9871002F53F4 /* Events */,
				02876B4F1B2D9871002F53F4 /* Model */,
				02876B581B2D9871002F53F4 /* Reader */,
				02876B5D1B2D9871002F53F4 /* Services */,
				02876B6A1B2D9871002F53F4 /* Writter */,
			);
			path = Sample;
			sourceTree = "<group>";
		};
		02876B451B2D9871002F53F4 /* Database */ = {
			isa = PBXGroup;
			children = (
				02876B461B2D9871002F53F4 /* DatabaseUtil.h */,
				02876B471B2D9871002F53F4 /* DatabaseUtil.m */,
			);
			path = Database;
			sourceTree = "<group>";
		};
		02876B481B2D9871002F53F4 /* Events */ = {
			isa = PBXGroup;
			children = (
				02876B491B2D9871002F53F4 /* DatabaseEventHandler.h */,
				02876B4A1B2D9871002F53F4 /* DatabaseEventHandler.m */,
				02876B4B1B2D9871002F53F4 /* NotificationEventHandler.h */,
				02876B4C1B2D9871002F53F4 /* NotificationEventHandler.m */,
				02876B4D1B2D9871002F53F4 /* SiminovEventHandler.h */,
				02876B4E1B2D9871002F53F4 /* SiminovEventHandler.m */,
			);
			path = Events;
			sourceTree = "<group>";
		};
		02876B4F1B2D9871002F53F4 /* Model */ = {
			isa = PBXGroup;
			children = (
				02876B501B2D9871002F53F4 /* Credential.h */,
				02876B511B2D9871002F53F4 /* Credential.m */,
				02876B521B2D9871002F53F4 /* Gadget.h */,
				02876B531B2D9871002F53F4 /* Gadget.m */,
				02876B541B2D9871002F53F4 /* Liquor.h */,
				02876B551B2D9871002F53F4 /* Liquor.m */,
				02876B561B2D9871002F53F4 /* LiquorBrand.h */,
				02876B571B2D9871002F53F4 /* LiquorBrand.m */,
			);
			path = Model;
			sourceTree = "<group>";
		};
		02876B581B2D9871002F53F4 /* Reader */ = {
			isa = PBXGroup;
			children = (
				02876B591B2D9871002F53F4 /* LiquorBrandsReader.h */,
				02876B5A1B2D9871002F53F4 /* LiquorBrandsReader.m */,
				02876B5B1B2D9871002F53F4 /* LiquorsReader.h */,
				02876B5C1B2D9871002F53F4 /* LiquorsReader.m */,
			);
			path = Reader;
			sourceTree = "<group>";
		};
		02876B5D1B2D9871002F53F4 /* Services */ = {
			isa = PBXGroup;
			children = (
				02876B5E1B2D9871002F53F4 /* AddLiquor.h */,
				02876B5F1B2D9871002F53F4 /* AddLiquor.m */,
				02876B601B2D9871002F53F4 /* DeleteLiquor.h */,
				02876B611B2D9871002F53F4 /* DeleteLiquor.m */,
				02876B621B2D9871002F53F4 /* GetLiquorBrands.h */,
				02876B631B2D9871002F53F4 /* GetLiquorBrands.m */,
				02876B641B2D9871002F53F4 /* GetLiquors.h */,
				02876B651B2D9871002F53F4 /* GetLiquors.m */,
				02876B661B2D9871002F53F4 /* RegisterDevice.h */,
				02876B671B2D9871002F53F4 /* RegisterDevice.m */,
				02876B681B2D9871002F53F4 /* UnregisterDevice.h */,
				02876B691B2D9871002F53F4 /* UnregisterDevice.m */,
			);
			path = Services;
			sourceTree = "<group>";
		};
		02876B6A1B2D9871002F53F4 /* Writter */ = {
			isa = PBXGroup;
			children = (
				02876B6B1B2D9871002F53F4 /* LiquorWritter.h */,
				02876B6C1B2D9871002F53F4 /* LiquorWritter.m */,
			);
			path = Writter;
			sourceTree = "<group>";
		};
		CEF7EA791AE27EF000A0D360 = {
			isa = PBXGroup;
			children = (
				0202997A1B2DF65700ABE7DB /* main.m */,
				02876B851B2D9EE8002F53F4 /* libsqlite3.0.dylib */,
				02876B831B2D9E59002F53F4 /* Images.xcassets */,
				02876B381B2D9871002F53F4 /* Base.lproj */,
				02876B3E1B2D9871002F53F4 /* Info.plist */,
				02876B3F1B2D9871002F53F4 /* Siminov */,
				02876B261B2D938C002F53F4 /* AppDelegate.h */,
				02876B271B2D938C002F53F4 /* AppDelegate.m */,
				02876B281B2D938C002F53F4 /* LiquorDetailViewController.h */,
				02876B291B2D938C002F53F4 /* LiquorDetailViewController.m */,
				02876B2A1B2D938C002F53F4 /* LiquorDetailViewController.xib */,
				02876B2B1B2D938C002F53F4 /* LiquorListViewController.h */,
				02876B2C1B2D938C002F53F4 /* LiquorListViewController.m */,
				02876B2D1B2D938C002F53F4 /* LiquorListViewController.xib */,
				02876B2E1B2D938C002F53F4 /* ViewController.h */,
				02876B2F1B2D938C002F53F4 /* ViewController.m */,
				02876B301B2D938C002F53F4 /* ViewController.xib */,
				02876AA41B2D757D002F53F4 /* Assets */,
				CEF7EA831AE27EF000A0D360 /* Products */,
			);
			sourceTree = "<group>";
		};
		CEF7EA831AE27EF000A0D360 /* Products */ = {
			isa = PBXGroup;
			children = (
				CEF7EA821AE27EF000A0D360 /* connect-sample.app */,
			);
			name = Products;
			sourceTree = "<group>";
		};
/* End PBXGroup section */

/* Begin PBXNativeTarget section */
		CEF7EA811AE27EF000A0D360 /* connect-sample */ = {
			isa = PBXNativeTarget;
			buildConfigurationList = CEF7EAA81AE27EF000A0D360 /* Build configuration list for PBXNativeTarget "connect-sample" */;
			buildPhases = (
				CEF7EA7E1AE27EF000A0D360 /* Sources */,
				CEF7EA7F1AE27EF000A0D360 /* Frameworks */,
				CEF7EA801AE27EF000A0D360 /* Resources */,
				CEBBFFF01B776E0700F0B830 /* CopyFiles */,
			);
			buildRules = (
			);
			dependencies = (
			);
			name = "connect-sample";
			productName = "connect-sample";
			productReference = CEF7EA821AE27EF000A0D360 /* connect-sample.app */;
			productType = "com.apple.product-type.application";
		};
/* End PBXNativeTarget section */

/* Begin PBXProject section */
		CEF7EA7A1AE27EF000A0D360 /* Project object */ = {
			isa = PBXProject;
			attributes = {
				LastUpgradeCheck = 0620;
				ORGANIZATIONNAME = Siminov;
				TargetAttributes = {
					CEF7EA811AE27EF000A0D360 = {
						CreatedOnToolsVersion = 6.2;
					};
				};
			};
			buildConfigurationList = CEF7EA7D1AE27EF000A0D360 /* Build configuration list for PBXProject "connect-sample" */;
			compatibilityVersion = "Xcode 3.2";
			developmentRegion = English;
			hasScannedForEncodings = 0;
			knownRegions = (
				en,
				Base,
			);
			mainGroup = CEF7EA791AE27EF000A0D360;
			productRefGroup = CEF7EA831AE27EF000A0D360 /* Products */;
			projectDirPath = "";
			projectRoot = "";
			targets = (
				CEF7EA811AE27EF000A0D360 /* connect-sample */,
			);
		};
/* End PBXProject section */

/* Begin PBXResourcesBuildPhase section */
		CEF7EA801AE27EF000A0D360 /* Resources */ = {
			isa = PBXResourcesBuildPhase;
			buildActionMask = 2147483647;
			files = (
				02876B701B2D9871002F53F4 /* Info.plist in Resources */,
				02876B841B2D9E59002F53F4 /* Images.xcassets in Resources */,
				02876B6D1B2D9871002F53F4 /* LaunchScreen.xib in Resources */,
				02876AA51B2D757D002F53F4 /* Assets in Resources */,
				02876B351B2D938C002F53F4 /* LiquorListViewController.xib in Resources */,
				02876B6E1B2D9871002F53F4 /* Main.storyboard in Resources */,
				02876B371B2D938C002F53F4 /* ViewController.xib in Resources */,
				02876B331B2D938C002F53F4 /* LiquorDetailViewController.xib in Resources */,
			);
			runOnlyForDeploymentPostprocessing = 0;
		};
/* End PBXResourcesBuildPhase section */

/* Begin PBXSourcesBuildPhase section */
		CEF7EA7E1AE27EF000A0D360 /* Sources */ = {
			isa = PBXSourcesBuildPhase;
			buildActionMask = 2147483647;
			files = (
				02876B7A1B2D9871002F53F4 /* LiquorBrandsReader.m in Sources */,
				02876B731B2D9871002F53F4 /* DatabaseEventHandler.m in Sources */,
				02876B711B2D9871002F53F4 /* CredentialManager.m in Sources */,
				02876B341B2D938C002F53F4 /* LiquorListViewController.m in Sources */,
				02876B721B2D9871002F53F4 /* DatabaseUtil.m in Sources */,
				02876B811B2D9871002F53F4 /* UnregisterDevice.m in Sources */,
				02876B791B2D9871002F53F4 /* LiquorBrand.m in Sources */,
				02876B761B2D9871002F53F4 /* Credential.m in Sources */,
				02876B7F1B2D9871002F53F4 /* GetLiquors.m in Sources */,
				02876B751B2D9871002F53F4 /* SiminovEventHandler.m in Sources */,
				0202997B1B2DF65700ABE7DB /* main.m in Sources */,
				02876B7E1B2D9871002F53F4 /* GetLiquorBrands.m in Sources */,
				02876B741B2D9871002F53F4 /* NotificationEventHandler.m in Sources */,
				02876B311B2D938C002F53F4 /* AppDelegate.m in Sources */,
				02876B361B2D938C002F53F4 /* ViewController.m in Sources */,
				02876B7C1B2D9871002F53F4 /* AddLiquor.m in Sources */,
				02876B821B2D9871002F53F4 /* LiquorWritter.m in Sources */,
				02876B771B2D9871002F53F4 /* Gadget.m in Sources */,
				02876B321B2D938C002F53F4 /* LiquorDetailViewController.m in Sources */,
				02876B801B2D9871002F53F4 /* RegisterDevice.m in Sources */,
				02876B7D1B2D9871002F53F4 /* DeleteLiquor.m in Sources */,
				02876B781B2D9871002F53F4 /* Liquor.m in Sources */,
				02876B7B1B2D9871002F53F4 /* LiquorsReader.m in Sources */,
			);
			runOnlyForDeploymentPostprocessing = 0;
		};
/* End PBXSourcesBuildPhase section */

/* Begin PBXVariantGroup section */
		02876B391B2D9871002F53F4 /* LaunchScreen.xib */ = {
			isa = PBXVariantGroup;
			children = (
				02876B3A1B2D9871002F53F4 /* Base */,
			);
			name = LaunchScreen.xib;
			sourceTree = "<group>";
		};
		02876B3B1B2D9871002F53F4 /* Main.storyboard */ = {
			isa = PBXVariantGroup;
			children = (
				02876B3C1B2D9871002F53F4 /* Base */,
			);
			name = Main.storyboard;
			sourceTree = "<group>";
		};
/* End PBXVariantGroup section */

/* Begin XCBuildConfiguration section */
		CEF7EAA61AE27EF000A0D360 /* Debug */ = {
			isa = XCBuildConfiguration;
			buildSettings = {
				ALWAYS_SEARCH_USER_PATHS = NO;
				CLANG_CXX_LANGUAGE_STANDARD = "gnu++0x";
				CLANG_CXX_LIBRARY = "libc++";
				CLANG_ENABLE_MODULES = YES;
				CLANG_ENABLE_OBJC_ARC = YES;
				CLANG_WARN_BOOL_CONVERSION = YES;
				CLANG_WARN_CONSTANT_CONVERSION = YES;
				CLANG_WARN_DIRECT_OBJC_ISA_USAGE = YES_ERROR;
				CLANG_WARN_EMPTY_BODY = YES;
				CLANG_WARN_ENUM_CONVERSION = YES;
				CLANG_WARN_INT_CONVERSION = YES;
				CLANG_WARN_OBJC_ROOT_CLASS = YES_ERROR;
				CLANG_WARN_UNREACHABLE_CODE = YES;
				CLANG_WARN__DUPLICATE_METHOD_MATCH = YES;
				"CODE_SIGN_IDENTITY[sdk=iphoneos*]" = "iPhone Developer";
				COPY_PHASE_STRIP = NO;
				ENABLE_STRICT_OBJC_MSGSEND = YES;
				GCC_C_LANGUAGE_STANDARD = gnu99;
				GCC_DYNAMIC_NO_PIC = NO;
				GCC_OPTIMIZATION_LEVEL = 0;
				GCC_PREPROCESSOR_DEFINITIONS = (
					"DEBUG=1",
					"$(inherited)",
				);
				GCC_SYMBOLS_PRIVATE_EXTERN = NO;
				GCC_WARN_64_TO_32_BIT_CONVERSION = YES;
				GCC_WARN_ABOUT_RETURN_TYPE = YES_ERROR;
				GCC_WARN_UNDECLARED_SELECTOR = YES;
				GCC_WARN_UNINITIALIZED_AUTOS = YES_AGGRESSIVE;
				GCC_WARN_UNUSED_FUNCTION = YES;
				GCC_WARN_UNUSED_VARIABLE = YES;
				IPHONEOS_DEPLOYMENT_TARGET = 8.1;
				MTL_ENABLE_DEBUG_INFO = YES;
				ONLY_ACTIVE_ARCH = NO;
				SDKROOT = iphoneos;
				TARGETED_DEVICE_FAMILY = "1,2";
			};
			name = Debug;
		};
		CEF7EAA71AE27EF000A0D360 /* Release */ = {
			isa = XCBuildConfiguration;
			buildSettings = {
				ALWAYS_SEARCH_USER_PATHS = NO;
				CLANG_CXX_LANGUAGE_STANDARD = "gnu++0x";
				CLANG_CXX_LIBRARY = "libc++";
				CLANG_ENABLE_MODULES = YES;
				CLANG_ENABLE_OBJC_ARC = YES;
				CLANG_WARN_BOOL_CONVERSION = YES;
				CLANG_WARN_CONSTANT_CONVERSION = YES;
				CLANG_WARN_DIRECT_OBJC_ISA_USAGE = YES_ERROR;
				CLANG_WARN_EMPTY_BODY = YES;
				CLANG_WARN_ENUM_CONVERSION = YES;
				CLANG_WARN_INT_CONVERSION = YES;
				CLANG_WARN_OBJC_ROOT_CLASS = YES_ERROR;
				CLANG_WARN_UNREACHABLE_CODE = YES;
				CLANG_WARN__DUPLICATE_METHOD_MATCH = YES;
				"CODE_SIGN_IDENTITY[sdk=iphoneos*]" = "iPhone Developer";
				COPY_PHASE_STRIP = NO;
				ENABLE_NS_ASSERTIONS = NO;
				ENABLE_STRICT_OBJC_MSGSEND = YES;
				GCC_C_LANGUAGE_STANDARD = gnu99;
				GCC_WARN_64_TO_32_BIT_CONVERSION = YES;
				GCC_WARN_ABOUT_RETURN_TYPE = YES_ERROR;
				GCC_WARN_UNDECLARED_SELECTOR = YES;
				GCC_WARN_UNINITIALIZED_AUTOS = YES_AGGRESSIVE;
				GCC_WARN_UNUSED_FUNCTION = YES;
				GCC_WARN_UNUSED_VARIABLE = YES;
				IPHONEOS_DEPLOYMENT_TARGET = 8.1;
				MTL_ENABLE_DEBUG_INFO = NO;
				ONLY_ACTIVE_ARCH = NO;
				SDKROOT = iphoneos;
				TARGETED_DEVICE_FAMILY = "1,2";
				VALIDATE_PRODUCT = YES;
			};
			name = Release;
		};
		CEF7EAA91AE27EF000A0D360 /* Debug */ = {
			isa = XCBuildConfiguration;
			buildSettings = {
				HEADER_SEARCH_PATHS = (
					"$(inherited)",
					/Applications/Xcode.app/Contents/Developer/Toolchains/XcodeDefault.xctoolchain/usr/include,
					"\"$(SRCROOT)/include\"",
				);
				INFOPLIST_FILE = "$(SRCROOT)/Info.plist";
				LD_RUNPATH_SEARCH_PATHS = "$(inherited) @executable_path/Frameworks";
				LIBRARY_SEARCH_PATHS = (
					"$(inherited)",
					"$(PROJECT_DIR)",
					"/Users/user/Documents/Apps/Apps/Apple/Connect/build/Debug-iphoneos",
				);
				ONLY_ACTIVE_ARCH = NO;
				OTHER_LDFLAGS = "-ObjC";
				PRODUCT_NAME = "$(TARGET_NAME)";
			};
			name = Debug;
		};
		CEF7EAAA1AE27EF000A0D360 /* Release */ = {
			isa = XCBuildConfiguration;
			buildSettings = {
				HEADER_SEARCH_PATHS = (
					"$(inherited)",
					/Applications/Xcode.app/Contents/Developer/Toolchains/XcodeDefault.xctoolchain/usr/include,
					"\"$(SRCROOT)/include\"",
				);
				INFOPLIST_FILE = "$(SRCROOT)/Info.plist";
				LD_RUNPATH_SEARCH_PATHS = "$(inherited) @executable_path/Frameworks";
				LIBRARY_SEARCH_PATHS = (
					"$(inherited)",
					"$(PROJECT_DIR)",
					"/Users/user/Documents/Apps/Apps/Apple/Connect/build/Debug-iphoneos",
				);
				ONLY_ACTIVE_ARCH = NO;
				OTHER_LDFLAGS = "-ObjC";
				PRODUCT_NAME = "$(TARGET_NAME)";
			};
			name = Release;
		};
/* End XCBuildConfiguration section */

/* Begin XCConfigurationList section */
		CEF7EA7D1AE27EF000A0D360 /* Build configuration list for PBXProject "connect-sample" */ = {
			isa = XCConfigurationList;
			buildConfigurations = (
				CEF7EAA61AE27EF000A0D360 /* Debug */,
				CEF7EAA71AE27EF000A0D360 /* Release */,
			);
			defaultConfigurationIsVisible = 0;
			defaultConfigurationName = Release;
		};
		CEF7EAA81AE27EF000A0D360 /* Build configuration list for PBXNativeTarget "connect-sample" */ = {
			isa = XCConfigurationList;
			buildConfigurations = (
				CEF7EAA91AE27EF000A0D360 /* Debug */,
				CEF7EAAA1AE27EF000A0D360 /* Release */,
			);
			defaultConfigurationIsVisible = 0;
			defaultConfigurationName = Release;
		};
/* End XCConfigurationList section */
	};
	rootObject = CEF7EA7A1AE27EF000A0D360 /* Project object */;
}
