// !$*UTF8*$!
{
	archiveVersion = 1;
	classes = {
	};
	objectVersion = 46;
	objects = {

/* Begin PBXBuildFile section */
		0202997B1B2DF65700ABE7DB /* main.m in Sources */ = {isa = PBXBuildFile; fileRef = 0202997A1B2DF65700ABE7DB /* main.m */; };
		02876AA51B2D757D002F53F4 /* Assets in Resources */ = {isa = PBXBuildFile; fileRef = 02876AA41B2D757D002F53F4 /* Assets */; };
		02876B311B2D938C002F53F4 /* AppDelegate.m in Sources */ = {isa = PBXBuildFile; fileRef = 02876B271B2D938C002F53F4 /* AppDelegate.m */; };
		02876B361B2D938C002F53F4 /* ViewController.m in Sources */ = {isa = PBXBuildFile; fileRef = 02876B2F1B2D938C002F53F4 /* ViewController.m */; };
		02876B371B2D938C002F53F4 /* ViewController.xib in Resources */ = {isa = PBXBuildFile; fileRef = 02876B301B2D938C002F53F4 /* ViewController.xib */; };
		02876B6D1B2D9871002F53F4 /* LaunchScreen.xib in Resources */ = {isa = PBXBuildFile; fileRef = 02876B391B2D9871002F53F4 /* LaunchScreen.xib */; };
		02876B6E1B2D9871002F53F4 /* Main.storyboard in Resources */ = {isa = PBXBuildFile; fileRef = 02876B3B1B2D9871002F53F4 /* Main.storyboard */; };
		02876B701B2D9871002F53F4 /* Info.plist in Resources */ = {isa = PBXBuildFile; fileRef = 02876B3E1B2D9871002F53F4 /* Info.plist */; };
		02876B711B2D9871002F53F4 /* CredentialManager.m in Sources */ = {isa = PBXBuildFile; fileRef = 02876B441B2D9871002F53F4 /* CredentialManager.m */; };
		02876B721B2D9871002F53F4 /* DatabaseUtil.m in Sources */ = {isa = PBXBuildFile; fileRef = 02876B471B2D9871002F53F4 /* DatabaseUtil.m */; };
		02876B731B2D9871002F53F4 /* DatabaseEventHandler.m in Sources */ = {isa = PBXBuildFile; fileRef = 02876B4A1B2D9871002F53F4 /* DatabaseEventHandler.m */; };
		02876B741B2D9871002F53F4 /* NotificationEventHandler.m in Sources */ = {isa = PBXBuildFile; fileRef = 02876B4C1B2D9871002F53F4 /* NotificationEventHandler.m */; };
		02876B751B2D9871002F53F4 /* SiminovEventHandler.m in Sources */ = {isa = PBXBuildFile; fileRef = 02876B4E1B2D9871002F53F4 /* SiminovEventHandler.m */; };
		02876B761B2D9871002F53F4 /* Credential.m in Sources */ = {isa = PBXBuildFile; fileRef = 02876B511B2D9871002F53F4 /* Credential.m */; };
		02876B771B2D9871002F53F4 /* Gadget.m in Sources */ = {isa = PBXBuildFile; fileRef = 02876B531B2D9871002F53F4 /* Gadget.m */; };
		02876B801B2D9871002F53F4 /* RegisterDevice.m in Sources */ = {isa = PBXBuildFile; fileRef = 02876B671B2D9871002F53F4 /* RegisterDevice.m */; };
		02876B811B2D9871002F53F4 /* UnregisterDevice.m in Sources */ = {isa = PBXBuildFile; fileRef = 02876B691B2D9871002F53F4 /* UnregisterDevice.m */; };
		02876B841B2D9E59002F53F4 /* Images.xcassets in Resources */ = {isa = PBXBuildFile; fileRef = 02876B831B2D9E59002F53F4 /* Images.xcassets */; };
		CEFBDB451C2D8738008CF1D1 /* BookWritter.m in Sources */ = {isa = PBXBuildFile; fileRef = CEFBDB441C2D8738008CF1D1 /* BookWritter.m */; settings = {ASSET_TAGS = (); }; };
		CEFBDB481C2D8A67008CF1D1 /* AddBook.m in Sources */ = {isa = PBXBuildFile; fileRef = CEFBDB471C2D8A67008CF1D1 /* AddBook.m */; settings = {ASSET_TAGS = (); }; };
		CEFBDB4B1C2D8AA2008CF1D1 /* DeleteBook.m in Sources */ = {isa = PBXBuildFile; fileRef = CEFBDB4A1C2D8AA2008CF1D1 /* DeleteBook.m */; settings = {ASSET_TAGS = (); }; };
		CEFBDB4E1C2D8B0F008CF1D1 /* GetLessions.m in Sources */ = {isa = PBXBuildFile; fileRef = CEFBDB4D1C2D8B0F008CF1D1 /* GetLessions.m */; settings = {ASSET_TAGS = (); }; };
		CEFBDB511C2D8B33008CF1D1 /* GetBooks.m in Sources */ = {isa = PBXBuildFile; fileRef = CEFBDB501C2D8B33008CF1D1 /* GetBooks.m */; settings = {ASSET_TAGS = (); }; };
		CEFBDB571C2D8F8C008CF1D1 /* LessionsReader.m in Sources */ = {isa = PBXBuildFile; fileRef = CEFBDB561C2D8F8C008CF1D1 /* LessionsReader.m */; settings = {ASSET_TAGS = (); }; };
		CEFBDB5A1C2D8FA5008CF1D1 /* BooksReader.m in Sources */ = {isa = PBXBuildFile; fileRef = CEFBDB591C2D8FA5008CF1D1 /* BooksReader.m */; settings = {ASSET_TAGS = (); }; };
		CEFBDB5D1C2D91CC008CF1D1 /* Book.m in Sources */ = {isa = PBXBuildFile; fileRef = CEFBDB5C1C2D91CC008CF1D1 /* Book.m */; settings = {ASSET_TAGS = (); }; };
		CEFBDB601C2D91E6008CF1D1 /* Lession.m in Sources */ = {isa = PBXBuildFile; fileRef = CEFBDB5F1C2D91E6008CF1D1 /* Lession.m */; settings = {ASSET_TAGS = (); }; };
		CEFBDB621C2D97BA008CF1D1 /* BooksListViewController.xib in Resources */ = {isa = PBXBuildFile; fileRef = CEFBDB611C2D97BA008CF1D1 /* BooksListViewController.xib */; settings = {ASSET_TAGS = (); }; };
		CEFBDB651C2D97D4008CF1D1 /* BooksListViewController.m in Sources */ = {isa = PBXBuildFile; fileRef = CEFBDB641C2D97D4008CF1D1 /* BooksListViewController.m */; settings = {ASSET_TAGS = (); }; };
		CEFBDB671C2D9813008CF1D1 /* BookDetailViewController.xib in Resources */ = {isa = PBXBuildFile; fileRef = CEFBDB661C2D9813008CF1D1 /* BookDetailViewController.xib */; settings = {ASSET_TAGS = (); }; };
		CEFBDB6A1C2D9824008CF1D1 /* BookDetailViewController.m in Sources */ = {isa = PBXBuildFile; fileRef = CEFBDB691C2D9824008CF1D1 /* BookDetailViewController.m */; settings = {ASSET_TAGS = (); }; };
		CEFBDC491C2DA326008CF1D1 /* libsqlite3.0.tbd in Frameworks */ = {isa = PBXBuildFile; fileRef = CEFBDC481C2DA326008CF1D1 /* libsqlite3.0.tbd */; };
/* End PBXBuildFile section */

/* Begin PBXCopyFilesBuildPhase section */
		CEBBFFF01B776E0700F0B830 /* CopyFiles */ = {
			isa = PBXCopyFilesBuildPhase;
			buildActionMask = 2147483647;
			dstPath = "";
			dstSubfolderSpec = 7;
			files = (
			);
			runOnlyForDeploymentPostprocessing = 0;
		};
/* End PBXCopyFilesBuildPhase section */

/* Begin PBXFileReference section */
		0202997A1B2DF65700ABE7DB /* main.m */ = {isa = PBXFileReference; fileEncoding = 4; lastKnownFileType = sourcecode.c.objc; path = main.m; sourceTree = "<group>"; };
		02876AA41B2D757D002F53F4 /* Assets */ = {isa = PBXFileReference; lastKnownFileType = folder; path = Assets; sourceTree = "<group>"; };
		02876B261B2D938C002F53F4 /* AppDelegate.h */ = {isa = PBXFileReference; fileEncoding = 4; lastKnownFileType = sourcecode.c.h; path = AppDelegate.h; sourceTree = "<group>"; };
		02876B271B2D938C002F53F4 /* AppDelegate.m */ = {isa = PBXFileReference; fileEncoding = 4; lastKnownFileType = sourcecode.c.objc; path = AppDelegate.m; sourceTree = "<group>"; };
		02876B2E1B2D938C002F53F4 /* ViewController.h */ = {isa = PBXFileReference; fileEncoding = 4; lastKnownFileType = sourcecode.c.h; path = ViewController.h; sourceTree = "<group>"; };
		02876B2F1B2D938C002F53F4 /* ViewController.m */ = {isa = PBXFileReference; fileEncoding = 4; lastKnownFileType = sourcecode.c.objc; path = ViewController.m; sourceTree = "<group>"; };
		02876B301B2D938C002F53F4 /* ViewController.xib */ = {isa = PBXFileReference; fileEncoding = 4; lastKnownFileType = file.xib; path = ViewController.xib; sourceTree = "<group>"; };
		02876B3A1B2D9871002F53F4 /* Base */ = {isa = PBXFileReference; lastKnownFileType = file.xib; name = Base; path = LaunchScreen.xib; sourceTree = "<group>"; };
		02876B3C1B2D9871002F53F4 /* Base */ = {isa = PBXFileReference; lastKnownFileType = file.storyboard; name = Base; path = Main.storyboard; sourceTree = "<group>"; };
		02876B3E1B2D9871002F53F4 /* Info.plist */ = {isa = PBXFileReference; fileEncoding = 4; lastKnownFileType = text.plist.xml; path = Info.plist; sourceTree = "<group>"; };
		02876B421B2D9871002F53F4 /* Constants.h */ = {isa = PBXFileReference; fileEncoding = 4; lastKnownFileType = sourcecode.c.h; path = Constants.h; sourceTree = "<group>"; };
		02876B431B2D9871002F53F4 /* CredentialManager.h */ = {isa = PBXFileReference; fileEncoding = 4; lastKnownFileType = sourcecode.c.h; path = CredentialManager.h; sourceTree = "<group>"; };
		02876B441B2D9871002F53F4 /* CredentialManager.m */ = {isa = PBXFileReference; fileEncoding = 4; lastKnownFileType = sourcecode.c.objc; path = CredentialManager.m; sourceTree = "<group>"; };
		02876B461B2D9871002F53F4 /* DatabaseUtil.h */ = {isa = PBXFileReference; fileEncoding = 4; lastKnownFileType = sourcecode.c.h; path = DatabaseUtil.h; sourceTree = "<group>"; };
		02876B471B2D9871002F53F4 /* DatabaseUtil.m */ = {isa = PBXFileReference; fileEncoding = 4; lastKnownFileType = sourcecode.c.objc; path = DatabaseUtil.m; sourceTree = "<group>"; };
		02876B491B2D9871002F53F4 /* DatabaseEventHandler.h */ = {isa = PBXFileReference; fileEncoding = 4; lastKnownFileType = sourcecode.c.h; path = DatabaseEventHandler.h; sourceTree = "<group>"; };
		02876B4A1B2D9871002F53F4 /* DatabaseEventHandler.m */ = {isa = PBXFileReference; fileEncoding = 4; lastKnownFileType = sourcecode.c.objc; path = DatabaseEventHandler.m; sourceTree = "<group>"; };
		02876B4B1B2D9871002F53F4 /* NotificationEventHandler.h */ = {isa = PBXFileReference; fileEncoding = 4; lastKnownFileType = sourcecode.c.h; path = NotificationEventHandler.h; sourceTree = "<group>"; };
		02876B4C1B2D9871002F53F4 /* NotificationEventHandler.m */ = {isa = PBXFileReference; fileEncoding = 4; lastKnownFileType = sourcecode.c.objc; path = NotificationEventHandler.m; sourceTree = "<group>"; };
		02876B4D1B2D9871002F53F4 /* SiminovEventHandler.h */ = {isa = PBXFileReference; fileEncoding = 4; lastKnownFileType = sourcecode.c.h; path = SiminovEventHandler.h; sourceTree = "<group>"; };
		02876B4E1B2D9871002F53F4 /* SiminovEventHandler.m */ = {isa = PBXFileReference; fileEncoding = 4; lastKnownFileType = sourcecode.c.objc; path = SiminovEventHandler.m; sourceTree = "<group>"; };
		02876B501B2D9871002F53F4 /* Credential.h */ = {isa = PBXFileReference; fileEncoding = 4; lastKnownFileType = sourcecode.c.h; path = Credential.h; sourceTree = "<group>"; };
		02876B511B2D9871002F53F4 /* Credential.m */ = {isa = PBXFileReference; fileEncoding = 4; lastKnownFileType = sourcecode.c.objc; path = Credential.m; sourceTree = "<group>"; };
		02876B521B2D9871002F53F4 /* Gadget.h */ = {isa = PBXFileReference; fileEncoding = 4; lastKnownFileType = sourcecode.c.h; path = Gadget.h; sourceTree = "<group>"; };
		02876B531B2D9871002F53F4 /* Gadget.m */ = {isa = PBXFileReference; fileEncoding = 4; lastKnownFileType = sourcecode.c.objc; path = Gadget.m; sourceTree = "<group>"; };
		02876B661B2D9871002F53F4 /* RegisterDevice.h */ = {isa = PBXFileReference; fileEncoding = 4; lastKnownFileType = sourcecode.c.h; path = RegisterDevice.h; sourceTree = "<group>"; };
		02876B671B2D9871002F53F4 /* RegisterDevice.m */ = {isa = PBXFileReference; fileEncoding = 4; lastKnownFileType = sourcecode.c.objc; path = RegisterDevice.m; sourceTree = "<group>"; };
		02876B681B2D9871002F53F4 /* UnregisterDevice.h */ = {isa = PBXFileReference; fileEncoding = 4; lastKnownFileType = sourcecode.c.h; path = UnregisterDevice.h; sourceTree = "<group>"; };
		02876B691B2D9871002F53F4 /* UnregisterDevice.m */ = {isa = PBXFileReference; fileEncoding = 4; lastKnownFileType = sourcecode.c.objc; path = UnregisterDevice.m; sourceTree = "<group>"; };
		02876B831B2D9E59002F53F4 /* Images.xcassets */ = {isa = PBXFileReference; lastKnownFileType = folder.assetcatalog; path = Images.xcassets; sourceTree = "<group>"; };
		CEF7EA821AE27EF000A0D360 /* connect-sample.app */ = {isa = PBXFileReference; explicitFileType = wrapper.application; includeInIndex = 0; path = "connect-sample.app"; sourceTree = BUILT_PRODUCTS_DIR; };
		CEFBDB431C2D8738008CF1D1 /* BookWritter.h */ = {isa = PBXFileReference; fileEncoding = 4; lastKnownFileType = sourcecode.c.h; path = BookWritter.h; sourceTree = "<group>"; };
		CEFBDB441C2D8738008CF1D1 /* BookWritter.m */ = {isa = PBXFileReference; fileEncoding = 4; lastKnownFileType = sourcecode.c.objc; path = BookWritter.m; sourceTree = "<group>"; };
		CEFBDB461C2D8A67008CF1D1 /* AddBook.h */ = {isa = PBXFileReference; fileEncoding = 4; lastKnownFileType = sourcecode.c.h; path = AddBook.h; sourceTree = "<group>"; };
		CEFBDB471C2D8A67008CF1D1 /* AddBook.m */ = {isa = PBXFileReference; fileEncoding = 4; lastKnownFileType = sourcecode.c.objc; path = AddBook.m; sourceTree = "<group>"; };
		CEFBDB491C2D8AA2008CF1D1 /* DeleteBook.h */ = {isa = PBXFileReference; fileEncoding = 4; lastKnownFileType = sourcecode.c.h; path = DeleteBook.h; sourceTree = "<group>"; };
		CEFBDB4A1C2D8AA2008CF1D1 /* DeleteBook.m */ = {isa = PBXFileReference; fileEncoding = 4; lastKnownFileType = sourcecode.c.objc; path = DeleteBook.m; sourceTree = "<group>"; };
		CEFBDB4C1C2D8B0F008CF1D1 /* GetLessions.h */ = {isa = PBXFileReference; fileEncoding = 4; lastKnownFileType = sourcecode.c.h; path = GetLessions.h; sourceTree = "<group>"; };
		CEFBDB4D1C2D8B0F008CF1D1 /* GetLessions.m */ = {isa = PBXFileReference; fileEncoding = 4; lastKnownFileType = sourcecode.c.objc; path = GetLessions.m; sourceTree = "<group>"; };
		CEFBDB4F1C2D8B33008CF1D1 /* GetBooks.h */ = {isa = PBXFileReference; fileEncoding = 4; lastKnownFileType = sourcecode.c.h; path = GetBooks.h; sourceTree = "<group>"; };
		CEFBDB501C2D8B33008CF1D1 /* GetBooks.m */ = {isa = PBXFileReference; fileEncoding = 4; lastKnownFileType = sourcecode.c.objc; path = GetBooks.m; sourceTree = "<group>"; };
		CEFBDB551C2D8F8C008CF1D1 /* LessionsReader.h */ = {isa = PBXFileReference; fileEncoding = 4; lastKnownFileType = sourcecode.c.h; path = LessionsReader.h; sourceTree = "<group>"; };
		CEFBDB561C2D8F8C008CF1D1 /* LessionsReader.m */ = {isa = PBXFileReference; fileEncoding = 4; lastKnownFileType = sourcecode.c.objc; path = LessionsReader.m; sourceTree = "<group>"; };
		CEFBDB581C2D8FA5008CF1D1 /* BooksReader.h */ = {isa = PBXFileReference; fileEncoding = 4; lastKnownFileType = sourcecode.c.h; path = BooksReader.h; sourceTree = "<group>"; };
		CEFBDB591C2D8FA5008CF1D1 /* BooksReader.m */ = {isa = PBXFileReference; fileEncoding = 4; lastKnownFileType = sourcecode.c.objc; path = BooksReader.m; sourceTree = "<group>"; };
		CEFBDB5B1C2D91CC008CF1D1 /* Book.h */ = {isa = PBXFileReference; fileEncoding = 4; lastKnownFileType = sourcecode.c.h; path = Book.h; sourceTree = "<group>"; };
		CEFBDB5C1C2D91CC008CF1D1 /* Book.m */ = {isa = PBXFileReference; fileEncoding = 4; lastKnownFileType = sourcecode.c.objc; path = Book.m; sourceTree = "<group>"; };
		CEFBDB5E1C2D91E6008CF1D1 /* Lession.h */ = {isa = PBXFileReference; fileEncoding = 4; lastKnownFileType = sourcecode.c.h; path = Lession.h; sourceTree = "<group>"; };
		CEFBDB5F1C2D91E6008CF1D1 /* Lession.m */ = {isa = PBXFileReference; fileEncoding = 4; lastKnownFileType = sourcecode.c.objc; path = Lession.m; sourceTree = "<group>"; };
		CEFBDB611C2D97BA008CF1D1 /* BooksListViewController.xib */ = {isa = PBXFileReference; fileEncoding = 4; lastKnownFileType = file.xib; path = BooksListViewController.xib; sourceTree = "<group>"; };
		CEFBDB631C2D97D4008CF1D1 /* BooksListViewController.h */ = {isa = PBXFileReference; fileEncoding = 4; lastKnownFileType = sourcecode.c.h; path = BooksListViewController.h; sourceTree = "<group>"; };
		CEFBDB641C2D97D4008CF1D1 /* BooksListViewController.m */ = {isa = PBXFileReference; fileEncoding = 4; lastKnownFileType = sourcecode.c.objc; path = BooksListViewController.m; sourceTree = "<group>"; };
		CEFBDB661C2D9813008CF1D1 /* BookDetailViewController.xib */ = {isa = PBXFileReference; fileEncoding = 4; lastKnownFileType = file.xib; path = BookDetailViewController.xib; sourceTree = "<group>"; };
		CEFBDB681C2D9824008CF1D1 /* BookDetailViewController.h */ = {isa = PBXFileReference; fileEncoding = 4; lastKnownFileType = sourcecode.c.h; path = BookDetailViewController.h; sourceTree = "<group>"; };
		CEFBDB691C2D9824008CF1D1 /* BookDetailViewController.m */ = {isa = PBXFileReference; fileEncoding = 4; lastKnownFileType = sourcecode.c.objc; path = BookDetailViewController.m; sourceTree = "<group>"; };
		CEFBDC481C2DA326008CF1D1 /* libsqlite3.0.tbd */ = {isa = PBXFileReference; lastKnownFileType = "sourcecode.text-based-dylib-definition"; name = libsqlite3.0.tbd; path = usr/lib/libsqlite3.0.tbd; sourceTree = SDKROOT; };
/* End PBXFileReference section */

/* Begin PBXFrameworksBuildPhase section */
		CEF7EA7F1AE27EF000A0D360 /* Frameworks */ = {
			isa = PBXFrameworksBuildPhase;
			buildActionMask = 2147483647;
			files = (
				CEFBDC491C2DA326008CF1D1 /* libsqlite3.0.tbd in Frameworks */,
			);
			runOnlyForDeploymentPostprocessing = 0;
		};
/* End PBXFrameworksBuildPhase section */

/* Begin PBXGroup section */
		02876B381B2D9871002F53F4 /* Base.lproj */ = {
			isa = PBXGroup;
			children = (
				02876B391B2D9871002F53F4 /* LaunchScreen.xib */,
				02876B3B1B2D9871002F53F4 /* Main.storyboard */,
			);
			path = Base.lproj;
			sourceTree = "<group>";
		};
		02876B3F1B2D9871002F53F4 /* Siminov */ = {
			isa = PBXGroup;
			children = (
				02876B401B2D9871002F53F4 /* Connect */,
			);
			path = Siminov;
			sourceTree = "<group>";
		};
		02876B401B2D9871002F53F4 /* Connect */ = {
			isa = PBXGroup;
			children = (
				02876B411B2D9871002F53F4 /* Sample */,
			);
			path = Connect;
			sourceTree = "<group>";
		};
		02876B411B2D9871002F53F4 /* Sample */ = {
			isa = PBXGroup;
			children = (
				02876B421B2D9871002F53F4 /* Constants.h */,
				02876B431B2D9871002F53F4 /* CredentialManager.h */,
				02876B441B2D9871002F53F4 /* CredentialManager.m */,
				02876B451B2D9871002F53F4 /* Database */,
				02876B481B2D9871002F53F4 /* Events */,
				02876B4F1B2D9871002F53F4 /* Model */,
				02876B581B2D9871002F53F4 /* Reader */,
				02876B5D1B2D9871002F53F4 /* Services */,
				02876B6A1B2D9871002F53F4 /* Writter */,
			);
			path = Sample;
			sourceTree = "<group>";
		};
		02876B451B2D9871002F53F4 /* Database */ = {
			isa = PBXGroup;
			children = (
				02876B461B2D9871002F53F4 /* DatabaseUtil.h */,
				02876B471B2D9871002F53F4 /* DatabaseUtil.m */,
			);
			path = Database;
			sourceTree = "<group>";
		};
		02876B481B2D9871002F53F4 /* Events */ = {
			isa = PBXGroup;
			children = (
				02876B491B2D9871002F53F4 /* DatabaseEventHandler.h */,
				02876B4A1B2D9871002F53F4 /* DatabaseEventHandler.m */,
				02876B4B1B2D9871002F53F4 /* NotificationEventHandler.h */,
				02876B4C1B2D9871002F53F4 /* NotificationEventHandler.m */,
				02876B4D1B2D9871002F53F4 /* SiminovEventHandler.h */,
				02876B4E1B2D9871002F53F4 /* SiminovEventHandler.m */,
			);
			path = Events;
			sourceTree = "<group>";
		};
		02876B4F1B2D9871002F53F4 /* Model */ = {
			isa = PBXGroup;
			children = (
				02876B501B2D9871002F53F4 /* Credential.h */,
				02876B511B2D9871002F53F4 /* Credential.m */,
				02876B521B2D9871002F53F4 /* Gadget.h */,
				02876B531B2D9871002F53F4 /* Gadget.m */,
				CEFBDB5B1C2D91CC008CF1D1 /* Book.h */,
				CEFBDB5C1C2D91CC008CF1D1 /* Book.m */,
				CEFBDB5E1C2D91E6008CF1D1 /* Lession.h */,
				CEFBDB5F1C2D91E6008CF1D1 /* Lession.m */,
			);
			path = Model;
			sourceTree = "<group>";
		};
		02876B581B2D9871002F53F4 /* Reader */ = {
			isa = PBXGroup;
			children = (
				CEFBDB551C2D8F8C008CF1D1 /* LessionsReader.h */,
				CEFBDB561C2D8F8C008CF1D1 /* LessionsReader.m */,
				CEFBDB581C2D8FA5008CF1D1 /* BooksReader.h */,
				CEFBDB591C2D8FA5008CF1D1 /* BooksReader.m */,
			);
			path = Reader;
			sourceTree = "<group>";
		};
		02876B5D1B2D9871002F53F4 /* Services */ = {
			isa = PBXGroup;
			children = (
				02876B661B2D9871002F53F4 /* RegisterDevice.h */,
				02876B671B2D9871002F53F4 /* RegisterDevice.m */,
				02876B681B2D9871002F53F4 /* UnregisterDevice.h */,
				02876B691B2D9871002F53F4 /* UnregisterDevice.m */,
				CEFBDB461C2D8A67008CF1D1 /* AddBook.h */,
				CEFBDB471C2D8A67008CF1D1 /* AddBook.m */,
				CEFBDB491C2D8AA2008CF1D1 /* DeleteBook.h */,
				CEFBDB4A1C2D8AA2008CF1D1 /* DeleteBook.m */,
				CEFBDB4C1C2D8B0F008CF1D1 /* GetLessions.h */,
				CEFBDB4D1C2D8B0F008CF1D1 /* GetLessions.m */,
				CEFBDB4F1C2D8B33008CF1D1 /* GetBooks.h */,
				CEFBDB501C2D8B33008CF1D1 /* GetBooks.m */,
			);
			path = Services;
			sourceTree = "<group>";
		};
		02876B6A1B2D9871002F53F4 /* Writter */ = {
			isa = PBXGroup;
			children = (
				CEFBDB431C2D8738008CF1D1 /* BookWritter.h */,
				CEFBDB441C2D8738008CF1D1 /* BookWritter.m */,
			);
			path = Writter;
			sourceTree = "<group>";
		};
		CEF7EA791AE27EF000A0D360 = {
			isa = PBXGroup;
			children = (
				CEFBDC481C2DA326008CF1D1 /* libsqlite3.0.tbd */,
				CEFBDB681C2D9824008CF1D1 /* BookDetailViewController.h */,
				CEFBDB691C2D9824008CF1D1 /* BookDetailViewController.m */,
				CEFBDB661C2D9813008CF1D1 /* BookDetailViewController.xib */,
				CEFBDB631C2D97D4008CF1D1 /* BooksListViewController.h */,
				CEFBDB641C2D97D4008CF1D1 /* BooksListViewController.m */,
				CEFBDB611C2D97BA008CF1D1 /* BooksListViewController.xib */,
				0202997A1B2DF65700ABE7DB /* main.m */,
				02876B831B2D9E59002F53F4 /* Images.xcassets */,
				02876B381B2D9871002F53F4 /* Base.lproj */,
				02876B3E1B2D9871002F53F4 /* Info.plist */,
				02876B3F1B2D9871002F53F4 /* Siminov */,
				02876B261B2D938C002F53F4 /* AppDelegate.h */,
				02876B271B2D938C002F53F4 /* AppDelegate.m */,
				02876B2E1B2D938C002F53F4 /* ViewController.h */,
				02876B2F1B2D938C002F53F4 /* ViewController.m */,
				02876B301B2D938C002F53F4 /* ViewController.xib */,
				02876AA41B2D757D002F53F4 /* Assets */,
				CEF7EA831AE27EF000A0D360 /* Products */,
			);
			sourceTree = "<group>";
		};
		CEF7EA831AE27EF000A0D360 /* Products */ = {
			isa = PBXGroup;
			children = (
				CEF7EA821AE27EF000A0D360 /* connect-sample.app */,
			);
			name = Products;
			sourceTree = "<group>";
		};
/* End PBXGroup section */

/* Begin PBXNativeTarget section */
		CEF7EA811AE27EF000A0D360 /* connect-sample */ = {
			isa = PBXNativeTarget;
			buildConfigurationList = CEF7EAA81AE27EF000A0D360 /* Build configuration list for PBXNativeTarget "connect-sample" */;
			buildPhases = (
				CEF7EA7E1AE27EF000A0D360 /* Sources */,
				CEF7EA7F1AE27EF000A0D360 /* Frameworks */,
				CEF7EA801AE27EF000A0D360 /* Resources */,
				CEBBFFF01B776E0700F0B830 /* CopyFiles */,
			);
			buildRules = (
			);
			dependencies = (
			);
			name = "connect-sample";
			productName = "connect-sample";
			productReference = CEF7EA821AE27EF000A0D360 /* connect-sample.app */;
			productType = "com.apple.product-type.application";
		};
/* End PBXNativeTarget section */

/* Begin PBXProject section */
		CEF7EA7A1AE27EF000A0D360 /* Project object */ = {
			isa = PBXProject;
			attributes = {
				LastUpgradeCheck = 0620;
				ORGANIZATIONNAME = Siminov;
				TargetAttributes = {
					CEF7EA811AE27EF000A0D360 = {
						CreatedOnToolsVersion = 6.2;
					};
				};
			};
			buildConfigurationList = CEF7EA7D1AE27EF000A0D360 /* Build configuration list for PBXProject "connect-sample" */;
			compatibilityVersion = "Xcode 3.2";
			developmentRegion = English;
			hasScannedForEncodings = 0;
			knownRegions = (
				en,
				Base,
			);
			mainGroup = CEF7EA791AE27EF000A0D360;
			productRefGroup = CEF7EA831AE27EF000A0D360 /* Products */;
			projectDirPath = "";
			projectRoot = "";
			targets = (
				CEF7EA811AE27EF000A0D360 /* connect-sample */,
			);
		};
/* End PBXProject section */

/* Begin PBXResourcesBuildPhase section */
		CEF7EA801AE27EF000A0D360 /* Resources */ = {
			isa = PBXResourcesBuildPhase;
			buildActionMask = 2147483647;
			files = (
				CEFBDB671C2D9813008CF1D1 /* BookDetailViewController.xib in Resources */,
				02876B701B2D9871002F53F4 /* Info.plist in Resources */,
				02876B841B2D9E59002F53F4 /* Images.xcassets in Resources */,
				02876B6D1B2D9871002F53F4 /* LaunchScreen.xib in Resources */,
				02876AA51B2D757D002F53F4 /* Assets in Resources */,
				02876B6E1B2D9871002F53F4 /* Main.storyboard in Resources */,
				02876B371B2D938C002F53F4 /* ViewController.xib in Resources */,
				CEFBDB621C2D97BA008CF1D1 /* BooksListViewController.xib in Resources */,
			);
			runOnlyForDeploymentPostprocessing = 0;
		};
/* End PBXResourcesBuildPhase section */

/* Begin PBXSourcesBuildPhase section */
		CEF7EA7E1AE27EF000A0D360 /* Sources */ = {
			isa = PBXSourcesBuildPhase;
			buildActionMask = 2147483647;
			files = (
				CEFBDB481C2D8A67008CF1D1 /* AddBook.m in Sources */,
				02876B731B2D9871002F53F4 /* DatabaseEventHandler.m in Sources */,
				02876B711B2D9871002F53F4 /* CredentialManager.m in Sources */,
				CEFBDB5D1C2D91CC008CF1D1 /* Book.m in Sources */,
				CEFBDB451C2D8738008CF1D1 /* BookWritter.m in Sources */,
				CEFBDB6A1C2D9824008CF1D1 /* BookDetailViewController.m in Sources */,
				02876B721B2D9871002F53F4 /* DatabaseUtil.m in Sources */,
				02876B811B2D9871002F53F4 /* UnregisterDevice.m in Sources */,
				CEFBDB601C2D91E6008CF1D1 /* Lession.m in Sources */,
				02876B761B2D9871002F53F4 /* Credential.m in Sources */,
				CEFBDB5A1C2D8FA5008CF1D1 /* BooksReader.m in Sources */,
				CEFBDB511C2D8B33008CF1D1 /* GetBooks.m in Sources */,
				02876B751B2D9871002F53F4 /* SiminovEventHandler.m in Sources */,
				CEFBDB651C2D97D4008CF1D1 /* BooksListViewController.m in Sources */,
				0202997B1B2DF65700ABE7DB /* main.m in Sources */,
				CEFBDB4B1C2D8AA2008CF1D1 /* DeleteBook.m in Sources */,
				02876B741B2D9871002F53F4 /* NotificationEventHandler.m in Sources */,
				CEFBDB4E1C2D8B0F008CF1D1 /* GetLessions.m in Sources */,
				02876B311B2D938C002F53F4 /* AppDelegate.m in Sources */,
				02876B361B2D938C002F53F4 /* ViewController.m in Sources */,
				02876B771B2D9871002F53F4 /* Gadget.m in Sources */,
				02876B801B2D9871002F53F4 /* RegisterDevice.m in Sources */,
				CEFBDB571C2D8F8C008CF1D1 /* LessionsReader.m in Sources */,
			);
			runOnlyForDeploymentPostprocessing = 0;
		};
/* End PBXSourcesBuildPhase section */

/* Begin PBXVariantGroup section */
		02876B391B2D9871002F53F4 /* LaunchScreen.xib */ = {
			isa = PBXVariantGroup;
			children = (
				02876B3A1B2D9871002F53F4 /* Base */,
			);
			name = LaunchScreen.xib;
			sourceTree = "<group>";
		};
		02876B3B1B2D9871002F53F4 /* Main.storyboard */ = {
			isa = PBXVariantGroup;
			children = (
				02876B3C1B2D9871002F53F4 /* Base */,
			);
			name = Main.storyboard;
			sourceTree = "<group>";
		};
/* End PBXVariantGroup section */

/* Begin XCBuildConfiguration section */
		CEF7EAA61AE27EF000A0D360 /* Debug */ = {
			isa = XCBuildConfiguration;
			buildSettings = {
				ALWAYS_SEARCH_USER_PATHS = NO;
				CLANG_CXX_LANGUAGE_STANDARD = "gnu++0x";
				CLANG_CXX_LIBRARY = "libc++";
				CLANG_ENABLE_MODULES = YES;
				CLANG_ENABLE_OBJC_ARC = YES;
				CLANG_WARN_BOOL_CONVERSION = YES;
				CLANG_WARN_CONSTANT_CONVERSION = YES;
				CLANG_WARN_DIRECT_OBJC_ISA_USAGE = YES_ERROR;
				CLANG_WARN_EMPTY_BODY = YES;
				CLANG_WARN_ENUM_CONVERSION = YES;
				CLANG_WARN_INT_CONVERSION = YES;
				CLANG_WARN_OBJC_ROOT_CLASS = YES_ERROR;
				CLANG_WARN_UNREACHABLE_CODE = YES;
				CLANG_WARN__DUPLICATE_METHOD_MATCH = YES;
				"CODE_SIGN_IDENTITY[sdk=iphoneos*]" = "iPhone Developer";
				COPY_PHASE_STRIP = NO;
				ENABLE_STRICT_OBJC_MSGSEND = YES;
				GCC_C_LANGUAGE_STANDARD = gnu99;
				GCC_DYNAMIC_NO_PIC = NO;
				GCC_OPTIMIZATION_LEVEL = 0;
				GCC_PREPROCESSOR_DEFINITIONS = (
					"DEBUG=1",
					"$(inherited)",
				);
				GCC_SYMBOLS_PRIVATE_EXTERN = NO;
				GCC_WARN_64_TO_32_BIT_CONVERSION = YES;
				GCC_WARN_ABOUT_RETURN_TYPE = YES_ERROR;
				GCC_WARN_UNDECLARED_SELECTOR = YES;
				GCC_WARN_UNINITIALIZED_AUTOS = YES_AGGRESSIVE;
				GCC_WARN_UNUSED_FUNCTION = YES;
				GCC_WARN_UNUSED_VARIABLE = YES;
				IPHONEOS_DEPLOYMENT_TARGET = 8.1;
				MTL_ENABLE_DEBUG_INFO = YES;
				ONLY_ACTIVE_ARCH = NO;
				SDKROOT = iphoneos;
				TARGETED_DEVICE_FAMILY = "1,2";
			};
			name = Debug;
		};
		CEF7EAA71AE27EF000A0D360 /* Release */ = {
			isa = XCBuildConfiguration;
			buildSettings = {
				ALWAYS_SEARCH_USER_PATHS = NO;
				CLANG_CXX_LANGUAGE_STANDARD = "gnu++0x";
				CLANG_CXX_LIBRARY = "libc++";
				CLANG_ENABLE_MODULES = YES;
				CLANG_ENABLE_OBJC_ARC = YES;
				CLANG_WARN_BOOL_CONVERSION = YES;
				CLANG_WARN_CONSTANT_CONVERSION = YES;
				CLANG_WARN_DIRECT_OBJC_ISA_USAGE = YES_ERROR;
				CLANG_WARN_EMPTY_BODY = YES;
				CLANG_WARN_ENUM_CONVERSION = YES;
				CLANG_WARN_INT_CONVERSION = YES;
				CLANG_WARN_OBJC_ROOT_CLASS = YES_ERROR;
				CLANG_WARN_UNREACHABLE_CODE = YES;
				CLANG_WARN__DUPLICATE_METHOD_MATCH = YES;
				"CODE_SIGN_IDENTITY[sdk=iphoneos*]" = "iPhone Developer";
				COPY_PHASE_STRIP = NO;
				ENABLE_NS_ASSERTIONS = NO;
				ENABLE_STRICT_OBJC_MSGSEND = YES;
				GCC_C_LANGUAGE_STANDARD = gnu99;
				GCC_WARN_64_TO_32_BIT_CONVERSION = YES;
				GCC_WARN_ABOUT_RETURN_TYPE = YES_ERROR;
				GCC_WARN_UNDECLARED_SELECTOR = YES;
				GCC_WARN_UNINITIALIZED_AUTOS = YES_AGGRESSIVE;
				GCC_WARN_UNUSED_FUNCTION = YES;
				GCC_WARN_UNUSED_VARIABLE = YES;
				IPHONEOS_DEPLOYMENT_TARGET = 8.1;
				MTL_ENABLE_DEBUG_INFO = NO;
				ONLY_ACTIVE_ARCH = NO;
				SDKROOT = iphoneos;
				TARGETED_DEVICE_FAMILY = "1,2";
				VALIDATE_PRODUCT = YES;
			};
			name = Release;
		};
		CEF7EAA91AE27EF000A0D360 /* Debug */ = {
			isa = XCBuildConfiguration;
			buildSettings = {
				HEADER_SEARCH_PATHS = (
					"$(inherited)",
					/Applications/Xcode.app/Contents/Developer/Toolchains/XcodeDefault.xctoolchain/usr/include,
					"\"$(SRCROOT)/include\"",
				);
				INFOPLIST_FILE = "$(SRCROOT)/Info.plist";
				LD_RUNPATH_SEARCH_PATHS = "$(inherited) @executable_path/Frameworks";
				LIBRARY_SEARCH_PATHS = (
					"$(inherited)",
					"$(PROJECT_DIR)",
					"/Users/user/Documents/Apps/Apps/Apple/Connect/build/Debug-iphoneos",
				);
				ONLY_ACTIVE_ARCH = YES;
				OTHER_LDFLAGS = "-ObjC";
				PRODUCT_NAME = "$(TARGET_NAME)";
				VALID_ARCHS = "arm64 armv7 armv7s i386 x86_64";
			};
			name = Debug;
		};
		CEF7EAAA1AE27EF000A0D360 /* Release */ = {
			isa = XCBuildConfiguration;
			buildSettings = {
				HEADER_SEARCH_PATHS = (
					"$(inherited)",
					/Applications/Xcode.app/Contents/Developer/Toolchains/XcodeDefault.xctoolchain/usr/include,
					"\"$(SRCROOT)/include\"",
				);
				INFOPLIST_FILE = "$(SRCROOT)/Info.plist";
				LD_RUNPATH_SEARCH_PATHS = "$(inherited) @executable_path/Frameworks";
				LIBRARY_SEARCH_PATHS = (
					"$(inherited)",
					"$(PROJECT_DIR)",
					"/Users/user/Documents/Apps/Apps/Apple/Connect/build/Debug-iphoneos",
				);
				ONLY_ACTIVE_ARCH = YES;
				OTHER_LDFLAGS = "-ObjC";
				PRODUCT_NAME = "$(TARGET_NAME)";
				VALID_ARCHS = "arm64 armv7 armv7s i386 x86_64";
			};
			name = Release;
		};
/* End XCBuildConfiguration section */

/* Begin XCConfigurationList section */
		CEF7EA7D1AE27EF000A0D360 /* Build configuration list for PBXProject "connect-sample" */ = {
			isa = XCConfigurationList;
			buildConfigurations = (
				CEF7EAA61AE27EF000A0D360 /* Debug */,
				CEF7EAA71AE27EF000A0D360 /* Release */,
			);
			defaultConfigurationIsVisible = 0;
			defaultConfigurationName = Release;
		};
		CEF7EAA81AE27EF000A0D360 /* Build configuration list for PBXNativeTarget "connect-sample" */ = {
			isa = XCConfigurationList;
			buildConfigurations = (
				CEF7EAA91AE27EF000A0D360 /* Debug */,
				CEF7EAAA1AE27EF000A0D360 /* Release */,
			);
			defaultConfigurationIsVisible = 0;
			defaultConfigurationName = Release;
		};
/* End XCConfigurationList section */
	};
	rootObject = CEF7EA7A1AE27EF000A0D360 /* Project object */;
}
